dependencies:
- name: kube-prometheus
  repository: https://charts.bitnami.com/bitnami
  version: 11.2.16
- name: node-exporter
  repository: https://charts.bitnami.com/bitnami
  version: 4.5.17
digest: sha256:d049a435982d286eaae6e25e7312c1a02c8af0bb158e8de4f989b95c6303577f
generated: "2025-07-24T01:19:57.110102+02:00"
